<?xml version="1.0" encoding="utf-8"?>
<Project ToolsVersion="4.0" xmlns="http://schemas.microsoft.com/developer/msbuild/2003">
  <ItemGroup>
    <ClInclude Include="main.h" />
    <ClInclude Include="dice.h" />
    <ClInclude Include="crt.h" />
  </ItemGroup>
  <ItemGroup>
    <ClCompile Include="theme.cpp" />
    <ClCompile Include="character.cpp" />
    <ClCompile Include="main.cpp" />
    <ClCompile Include="dice.cpp" />
    <ClCompile Include="skill.cpp" />
  </ItemGroup>
</Project>